
Microsoft Visual Studio Solution File, Format Version 12.00
# Visual Studio Version 17
VisualStudioVersion = 17.8.34525.116
MinimumVisualStudioVersion = 10.0.40219.1
Project("{FAE04EC0-301F-11D3-BF4B-00C04F79EFBC}") = "Lab15", "Lab15.csproj", "{C39AE7B2-1800-4674-9829-DC37C469C11E}"
EndProject
Global
	GlobalSection(SolutionConfigurationPlatforms) = preSolution
		Debug|Any CPU = Debug|Any CPU
		Release|Any CPU = Release|Any CPU
	EndGlobalSection
	GlobalSection(ProjectConfigurationPlatforms) = postSolution
		{C39AE7B2-1800-4674-9829-DC37C469C11E}.Debug|Any CPU.ActiveCfg = Debug|Any CPU
		{C39AE7B2-1800-4674-9829-DC37C469C11E}.Debug|Any CPU.Build.0 = Debug|Any CPU
		{C39AE7B2-1800-4674-9829-DC37C469C11E}.Release|Any CPU.ActiveCfg = Release|Any CPU
		{C39AE7B2-1800-4674-9829-DC37C469C11E}.Release|Any CPU.Build.0 = Release|Any CPU
	EndGlobalSection
	GlobalSection(SolutionProperties) = preSolution
		HideSolutionNode = FALSE
	EndGlobalSection
	GlobalSection(ExtensibilityGlobals) = postSolution
		SolutionGuid = {E4ADD098-C03A-4D9F-870B-78087209C868}
	EndGlobalSection
EndGlobal
